
Microsoft Visual Studio Solution File, Format Version 12.00
# Visual Studio Version 17
VisualStudioVersion = 17.14.36310.24 d17.14
MinimumVisualStudioVersion = 10.0.40219.1
Project("{FAE04EC0-301F-11D3-BF4B-00C04F79EFBC}") = "ListadoDeTareas", "ListadoDeTareas\ListadoDeTareas.csproj", "{E6740F01-C408-484D-BAC8-601B34B800DE}"
EndProject
Global
	GlobalSection(SolutionConfigurationPlatforms) = preSolution
		Debug|Any CPU = Debug|Any CPU
		Release|Any CPU = Release|Any CPU
	EndGlobalSection
	GlobalSection(ProjectConfigurationPlatforms) = postSolution
		{E6740F01-C408-484D-BAC8-601B34B800DE}.Debug|Any CPU.ActiveCfg = Debug|Any CPU
		{E6740F01-C408-484D-BAC8-601B34B800DE}.Debug|Any CPU.Build.0 = Debug|Any CPU
		{E6740F01-C408-484D-BAC8-601B34B800DE}.Release|Any CPU.ActiveCfg = Release|Any CPU
		{E6740F01-C408-484D-BAC8-601B34B800DE}.Release|Any CPU.Build.0 = Release|Any CPU
	EndGlobalSection
	GlobalSection(SolutionProperties) = preSolution
		HideSolutionNode = FALSE
	EndGlobalSection
	GlobalSection(ExtensibilityGlobals) = postSolution
		SolutionGuid = {610FDC56-887A-4C33-BE5F-EF43AA53644A}
	EndGlobalSection
EndGlobal
